
Microsoft Visual Studio Solution File, Format Version 12.00
# Visual Studio Version 16
VisualStudioVersion = 16.0.32630.194
MinimumVisualStudioVersion = 10.0.40219.1
Project("{FAE04EC0-301F-11D3-BF4B-00C04F79EFBC}") = "Splines", "Splines.csproj", "{38D0E10F-9A32-4C91-BF1E-CD1804F5A57B}"
EndProject
Global
	GlobalSection(SolutionConfigurationPlatforms) = preSolution
		Debug|Any CPU = Debug|Any CPU
		Release|Any CPU = Release|Any CPU
	EndGlobalSection
	GlobalSection(ProjectConfigurationPlatforms) = postSolution
		{38D0E10F-9A32-4C91-BF1E-CD1804F5A57B}.Debug|Any CPU.ActiveCfg = Debug|Any CPU
		{38D0E10F-9A32-4C91-BF1E-CD1804F5A57B}.Debug|Any CPU.Build.0 = Debug|Any CPU
		{38D0E10F-9A32-4C91-BF1E-CD1804F5A57B}.Release|Any CPU.ActiveCfg = Release|Any CPU
		{38D0E10F-9A32-4C91-BF1E-CD1804F5A57B}.Release|Any CPU.Build.0 = Release|Any CPU
	EndGlobalSection
	GlobalSection(SolutionProperties) = preSolution
		HideSolutionNode = FALSE
	EndGlobalSection
	GlobalSection(ExtensibilityGlobals) = postSolution
		SolutionGuid = {B1F6D0C7-5B79-4DC4-8D20-E7C47EC9F97F}
	EndGlobalSection
EndGlobal
